
Microsoft Visual Studio Solution File, Format Version 12.00
# Visual Studio Version 17
VisualStudioVersion = 17.8.34525.116
MinimumVisualStudioVersion = 10.0.40219.1
Project("{8BC9CEB8-8B4A-11D0-8D11-00A0C91BC942}") = "Chap01_Findmax", "Chap01_Findmax\Chap01_Findmax.vcxproj", "{2919F72B-97D4-4D24-95CA-6E7F86710A8A}"
EndProject
Global
	GlobalSection(SolutionConfigurationPlatforms) = preSolution
		Debug|x64 = Debug|x64
		Debug|x86 = Debug|x86
		Release|x64 = Release|x64
		Release|x86 = Release|x86
	EndGlobalSection
	GlobalSection(ProjectConfigurationPlatforms) = postSolution
		{2919F72B-97D4-4D24-95CA-6E7F86710A8A}.Debug|x64.ActiveCfg = Debug|x64
		{2919F72B-97D4-4D24-95CA-6E7F86710A8A}.Debug|x64.Build.0 = Debug|x64
		{2919F72B-97D4-4D24-95CA-6E7F86710A8A}.Debug|x86.ActiveCfg = Debug|Win32
		{2919F72B-97D4-4D24-95CA-6E7F86710A8A}.Debug|x86.Build.0 = Debug|Win32
		{2919F72B-97D4-4D24-95CA-6E7F86710A8A}.Release|x64.ActiveCfg = Release|x64
		{2919F72B-97D4-4D24-95CA-6E7F86710A8A}.Release|x64.Build.0 = Release|x64
		{2919F72B-97D4-4D24-95CA-6E7F86710A8A}.Release|x86.ActiveCfg = Release|Win32
		{2919F72B-97D4-4D24-95CA-6E7F86710A8A}.Release|x86.Build.0 = Release|Win32
	EndGlobalSection
	GlobalSection(SolutionProperties) = preSolution
		HideSolutionNode = FALSE
	EndGlobalSection
	GlobalSection(ExtensibilityGlobals) = postSolution
		SolutionGuid = {C14985C3-E202-4651-ACC3-190EF5F8462D}
	EndGlobalSection
EndGlobal
