
Microsoft Visual Studio Solution File, Format Version 12.00
# Visual Studio Version 17
VisualStudioVersion = 17.8.34525.116
MinimumVisualStudioVersion = 10.0.40219.1
Project("{8BC9CEB8-8B4A-11D0-8D11-00A0C91BC942}") = "HelloWorld", "HelloWorld\HelloWorld.vcxproj", "{75FD7C39-A959-48CA-B973-95FF2463CF19}"
EndProject
Project("{8BC9CEB8-8B4A-11D0-8D11-00A0C91BC942}") = "find_max", "find_max\find_max.vcxproj", "{14ECFCA8-638F-4BA5-B8A4-FF2D8488C3EE}"
EndProject
Global
	GlobalSection(SolutionConfigurationPlatforms) = preSolution
		Debug|x64 = Debug|x64
		Debug|x86 = Debug|x86
		Release|x64 = Release|x64
		Release|x86 = Release|x86
	EndGlobalSection
	GlobalSection(ProjectConfigurationPlatforms) = postSolution
		{75FD7C39-A959-48CA-B973-95FF2463CF19}.Debug|x64.ActiveCfg = Debug|x64
		{75FD7C39-A959-48CA-B973-95FF2463CF19}.Debug|x64.Build.0 = Debug|x64
		{75FD7C39-A959-48CA-B973-95FF2463CF19}.Debug|x86.ActiveCfg = Debug|Win32
		{75FD7C39-A959-48CA-B973-95FF2463CF19}.Debug|x86.Build.0 = Debug|Win32
		{75FD7C39-A959-48CA-B973-95FF2463CF19}.Release|x64.ActiveCfg = Release|x64
		{75FD7C39-A959-48CA-B973-95FF2463CF19}.Release|x64.Build.0 = Release|x64
		{75FD7C39-A959-48CA-B973-95FF2463CF19}.Release|x86.ActiveCfg = Release|Win32
		{75FD7C39-A959-48CA-B973-95FF2463CF19}.Release|x86.Build.0 = Release|Win32
		{14ECFCA8-638F-4BA5-B8A4-FF2D8488C3EE}.Debug|x64.ActiveCfg = Debug|x64
		{14ECFCA8-638F-4BA5-B8A4-FF2D8488C3EE}.Debug|x64.Build.0 = Debug|x64
		{14ECFCA8-638F-4BA5-B8A4-FF2D8488C3EE}.Debug|x86.ActiveCfg = Debug|Win32
		{14ECFCA8-638F-4BA5-B8A4-FF2D8488C3EE}.Debug|x86.Build.0 = Debug|Win32
		{14ECFCA8-638F-4BA5-B8A4-FF2D8488C3EE}.Release|x64.ActiveCfg = Release|x64
		{14ECFCA8-638F-4BA5-B8A4-FF2D8488C3EE}.Release|x64.Build.0 = Release|x64
		{14ECFCA8-638F-4BA5-B8A4-FF2D8488C3EE}.Release|x86.ActiveCfg = Release|Win32
		{14ECFCA8-638F-4BA5-B8A4-FF2D8488C3EE}.Release|x86.Build.0 = Release|Win32
	EndGlobalSection
	GlobalSection(SolutionProperties) = preSolution
		HideSolutionNode = FALSE
	EndGlobalSection
	GlobalSection(ExtensibilityGlobals) = postSolution
		SolutionGuid = {5807C761-AF9C-46BE-9B50-A3AABA7D4086}
	EndGlobalSection
EndGlobal
